
Microsoft Visual Studio Solution File, Format Version 12.00
# Visual Studio Version 16
VisualStudioVersion = 16.0.31105.61
MinimumVisualStudioVersion = 10.0.40219.1
Project("{FAE04EC0-301F-11D3-BF4B-00C04F79EFBC}") = "DVAutoToggleRun", "DVAutoToggleRun.csproj", "{ECC1AA86-962F-41D8-9571-72E87BE50632}"
EndProject
Global
	GlobalSection(SolutionConfigurationPlatforms) = preSolution
		Debug|Any CPU = Debug|Any CPU
		Release|Any CPU = Release|Any CPU
	EndGlobalSection
	GlobalSection(ProjectConfigurationPlatforms) = postSolution
		{ECC1AA86-962F-41D8-9571-72E87BE50632}.Debug|Any CPU.ActiveCfg = Debug|Any CPU
		{ECC1AA86-962F-41D8-9571-72E87BE50632}.Debug|Any CPU.Build.0 = Debug|Any CPU
		{ECC1AA86-962F-41D8-9571-72E87BE50632}.Release|Any CPU.ActiveCfg = Release|Any CPU
		{ECC1AA86-962F-41D8-9571-72E87BE50632}.Release|Any CPU.Build.0 = Release|Any CPU
	EndGlobalSection
	GlobalSection(SolutionProperties) = preSolution
		HideSolutionNode = FALSE
	EndGlobalSection
	GlobalSection(ExtensibilityGlobals) = postSolution
		SolutionGuid = {6C63E736-2C97-4692-BA70-FA76C9340964}
	EndGlobalSection
EndGlobal
